
Microsoft Visual Studio Solution File, Format Version 10.00
# Visual Studio 2008
Project("{2150E333-8FDC-42A3-9474-1A3956D46DE8}") = "Solution Items", "Solution Items", "{379DE09A-FC61-4336-A1D2-702EB546E2B2}"
EndProject
Project("{FAE04EC0-301F-11D3-BF4B-00C04F79EFBC}") = "sepp", "sepp\sepp.csproj", "{67AA8D95-5A06-48AC-8DE6-6EC9582D8BA4}"
EndProject
Project("{54435603-DBB4-11D2-8724-00A0C9A8B90C}") = "Prophero", "sepp\PropheroSetup\PropheroSetup.vdproj", "{A0175CFD-2B0A-469D-9F99-EBD2AEB67BDD}"
	ProjectSection(ProjectDependencies) = postProject
		{F8AAB011-442B-46E6-91D4-B130C74F081B} = {F8AAB011-442B-46E6-91D4-B130C74F081B}
	EndProjectSection
EndProject
Project("{FAE04EC0-301F-11D3-BF4B-00C04F79EFBC}") = "BibleFileLib", "BibleFileLib\BibleFileLib.csproj", "{F8AAB011-442B-46E6-91D4-B130C74F081B}"
EndProject
Global
	GlobalSection(SolutionConfigurationPlatforms) = preSolution
		Debug|Any CPU = Debug|Any CPU
		Mono Debug|Any CPU = Mono Debug|Any CPU
		Mono Release|Any CPU = Mono Release|Any CPU
		Release|Any CPU = Release|Any CPU
	EndGlobalSection
	GlobalSection(ProjectConfigurationPlatforms) = postSolution
		{67AA8D95-5A06-48AC-8DE6-6EC9582D8BA4}.Debug|Any CPU.ActiveCfg = Debug|Any CPU
		{67AA8D95-5A06-48AC-8DE6-6EC9582D8BA4}.Debug|Any CPU.Build.0 = Debug|Any CPU
		{67AA8D95-5A06-48AC-8DE6-6EC9582D8BA4}.Mono Debug|Any CPU.ActiveCfg = Debug|Any CPU
		{67AA8D95-5A06-48AC-8DE6-6EC9582D8BA4}.Mono Debug|Any CPU.Build.0 = Debug|Any CPU
		{67AA8D95-5A06-48AC-8DE6-6EC9582D8BA4}.Mono Release|Any CPU.ActiveCfg = Release|Any CPU
		{67AA8D95-5A06-48AC-8DE6-6EC9582D8BA4}.Mono Release|Any CPU.Build.0 = Release|Any CPU
		{67AA8D95-5A06-48AC-8DE6-6EC9582D8BA4}.Release|Any CPU.ActiveCfg = Release|Any CPU
		{67AA8D95-5A06-48AC-8DE6-6EC9582D8BA4}.Release|Any CPU.Build.0 = Release|Any CPU
		{A0175CFD-2B0A-469D-9F99-EBD2AEB67BDD}.Debug|Any CPU.ActiveCfg = Debug
		{A0175CFD-2B0A-469D-9F99-EBD2AEB67BDD}.Debug|Any CPU.Build.0 = Debug
		{A0175CFD-2B0A-469D-9F99-EBD2AEB67BDD}.Mono Debug|Any CPU.ActiveCfg = Debug
		{A0175CFD-2B0A-469D-9F99-EBD2AEB67BDD}.Mono Debug|Any CPU.Build.0 = Debug
		{A0175CFD-2B0A-469D-9F99-EBD2AEB67BDD}.Mono Release|Any CPU.ActiveCfg = Release
		{A0175CFD-2B0A-469D-9F99-EBD2AEB67BDD}.Mono Release|Any CPU.Build.0 = Release
		{A0175CFD-2B0A-469D-9F99-EBD2AEB67BDD}.Release|Any CPU.ActiveCfg = Release
		{A0175CFD-2B0A-469D-9F99-EBD2AEB67BDD}.Release|Any CPU.Build.0 = Release
		{F8AAB011-442B-46E6-91D4-B130C74F081B}.Debug|Any CPU.ActiveCfg = Debug|Any CPU
		{F8AAB011-442B-46E6-91D4-B130C74F081B}.Debug|Any CPU.Build.0 = Debug|Any CPU
		{F8AAB011-442B-46E6-91D4-B130C74F081B}.Mono Debug|Any CPU.ActiveCfg = Debug|Any CPU
		{F8AAB011-442B-46E6-91D4-B130C74F081B}.Mono Debug|Any CPU.Build.0 = Debug|Any CPU
		{F8AAB011-442B-46E6-91D4-B130C74F081B}.Mono Release|Any CPU.ActiveCfg = Release|Any CPU
		{F8AAB011-442B-46E6-91D4-B130C74F081B}.Mono Release|Any CPU.Build.0 = Release|Any CPU
		{F8AAB011-442B-46E6-91D4-B130C74F081B}.Release|Any CPU.ActiveCfg = Release|Any CPU
		{F8AAB011-442B-46E6-91D4-B130C74F081B}.Release|Any CPU.Build.0 = Release|Any CPU
	EndGlobalSection
	GlobalSection(SolutionProperties) = preSolution
		HideSolutionNode = FALSE
	EndGlobalSection
EndGlobal
