
Microsoft Visual Studio Solution File, Format Version 12.00
# Visual Studio Version 17
VisualStudioVersion = 17.0.32014.148
MinimumVisualStudioVersion = 10.0.40219.1
Project("{FAE04EC0-301F-11D3-BF4B-00C04F79EFBC}") = "BibleFileLib", "BibleFileLib\BibleFileLib.csproj", "{F8AAB011-442B-46E6-91D4-B130C74F081B}"
EndProject
Project("{FAE04EC0-301F-11D3-BF4B-00C04F79EFBC}") = "xlat", "xlat\xlat.csproj", "{497B21F7-99DB-4C3C-9BAF-2475511622EF}"
EndProject
Project("{FAE04EC0-301F-11D3-BF4B-00C04F79EFBC}") = "phrasetrans", "phrasetrans\phrasetrans.csproj", "{705FEBE4-212B-4CD5-81B5-33C2E72F3EDC}"
	ProjectSection(ProjectDependencies) = postProject
		{F8AAB011-442B-46E6-91D4-B130C74F081B} = {F8AAB011-442B-46E6-91D4-B130C74F081B}
	EndProjectSection
EndProject
Project("{FAE04EC0-301F-11D3-BF4B-00C04F79EFBC}") = "haiola", "haiola\haiola.csproj", "{D520CCD6-B7A4-4D7E-BDFE-1DF89111383A}"
EndProject
Project("{FAE04EC0-301F-11D3-BF4B-00C04F79EFBC}") = "massregex", "massregex\massregex.csproj", "{20E590DE-DDF6-46DA-9348-D06F8F238A25}"
EndProject
Project("{FAE04EC0-301F-11D3-BF4B-00C04F79EFBC}") = "usfx2usfm", "usfx2usfm\usfx2usfm.csproj", "{01AEDCB1-1178-480D-B319-624FA6ECD74F}"
EndProject
Project("{FAE04EC0-301F-11D3-BF4B-00C04F79EFBC}") = "binfilter", "binfilter\binfilter.csproj", "{5C400E3C-2DC2-4771-8F2A-689A11953F1F}"
EndProject
Project("{FAE04EC0-301F-11D3-BF4B-00C04F79EFBC}") = "CountChars", "CountChars\CountChars.csproj", "{363C2778-6DDA-45C1-9DAE-D862B52DB636}"
EndProject
Project("{FAE04EC0-301F-11D3-BF4B-00C04F79EFBC}") = "usfm2usfx", "usfm2usfx\usfm2usfx.csproj", "{1CF6DB62-8ABD-4A0D-89D2-782433458878}"
EndProject
Project("{FAE04EC0-301F-11D3-BF4B-00C04F79EFBC}") = "imposis2xml", "imposis2xml\imposis2xml.csproj", "{1E75837A-A555-4C5B-B7FF-A12B37BC937C}"
EndProject
Global
	GlobalSection(SolutionConfigurationPlatforms) = preSolution
		CD_ROM|Any CPU = CD_ROM|Any CPU
		CD_ROM|Mixed Platforms = CD_ROM|Mixed Platforms
		CD_ROM|x86 = CD_ROM|x86
		Debug|Any CPU = Debug|Any CPU
		Debug|Mixed Platforms = Debug|Mixed Platforms
		Debug|x86 = Debug|x86
		DVD-5|Any CPU = DVD-5|Any CPU
		DVD-5|Mixed Platforms = DVD-5|Mixed Platforms
		DVD-5|x86 = DVD-5|x86
		Release|Any CPU = Release|Any CPU
		Release|Mixed Platforms = Release|Mixed Platforms
		Release|x86 = Release|x86
		SingleImage|Any CPU = SingleImage|Any CPU
		SingleImage|Mixed Platforms = SingleImage|Mixed Platforms
		SingleImage|x86 = SingleImage|x86
	EndGlobalSection
	GlobalSection(ProjectConfigurationPlatforms) = postSolution
		{F8AAB011-442B-46E6-91D4-B130C74F081B}.CD_ROM|Any CPU.ActiveCfg = Release|Any CPU
		{F8AAB011-442B-46E6-91D4-B130C74F081B}.CD_ROM|Any CPU.Build.0 = Release|Any CPU
		{F8AAB011-442B-46E6-91D4-B130C74F081B}.CD_ROM|Mixed Platforms.ActiveCfg = Release|Any CPU
		{F8AAB011-442B-46E6-91D4-B130C74F081B}.CD_ROM|Mixed Platforms.Build.0 = Release|Any CPU
		{F8AAB011-442B-46E6-91D4-B130C74F081B}.CD_ROM|x86.ActiveCfg = Release|Any CPU
		{F8AAB011-442B-46E6-91D4-B130C74F081B}.Debug|Any CPU.ActiveCfg = Debug|Any CPU
		{F8AAB011-442B-46E6-91D4-B130C74F081B}.Debug|Any CPU.Build.0 = Debug|Any CPU
		{F8AAB011-442B-46E6-91D4-B130C74F081B}.Debug|Mixed Platforms.ActiveCfg = Debug|Any CPU
		{F8AAB011-442B-46E6-91D4-B130C74F081B}.Debug|Mixed Platforms.Build.0 = Debug|Any CPU
		{F8AAB011-442B-46E6-91D4-B130C74F081B}.Debug|x86.ActiveCfg = Debug|Any CPU
		{F8AAB011-442B-46E6-91D4-B130C74F081B}.DVD-5|Any CPU.ActiveCfg = Debug|Any CPU
		{F8AAB011-442B-46E6-91D4-B130C74F081B}.DVD-5|Any CPU.Build.0 = Debug|Any CPU
		{F8AAB011-442B-46E6-91D4-B130C74F081B}.DVD-5|Mixed Platforms.ActiveCfg = Debug|Any CPU
		{F8AAB011-442B-46E6-91D4-B130C74F081B}.DVD-5|Mixed Platforms.Build.0 = Debug|Any CPU
		{F8AAB011-442B-46E6-91D4-B130C74F081B}.DVD-5|x86.ActiveCfg = Debug|Any CPU
		{F8AAB011-442B-46E6-91D4-B130C74F081B}.Release|Any CPU.ActiveCfg = Release|Any CPU
		{F8AAB011-442B-46E6-91D4-B130C74F081B}.Release|Any CPU.Build.0 = Release|Any CPU
		{F8AAB011-442B-46E6-91D4-B130C74F081B}.Release|Mixed Platforms.ActiveCfg = Release|Any CPU
		{F8AAB011-442B-46E6-91D4-B130C74F081B}.Release|Mixed Platforms.Build.0 = Release|Any CPU
		{F8AAB011-442B-46E6-91D4-B130C74F081B}.Release|x86.ActiveCfg = Release|Any CPU
		{F8AAB011-442B-46E6-91D4-B130C74F081B}.SingleImage|Any CPU.ActiveCfg = Release|Any CPU
		{F8AAB011-442B-46E6-91D4-B130C74F081B}.SingleImage|Any CPU.Build.0 = Release|Any CPU
		{F8AAB011-442B-46E6-91D4-B130C74F081B}.SingleImage|Mixed Platforms.ActiveCfg = Release|Any CPU
		{F8AAB011-442B-46E6-91D4-B130C74F081B}.SingleImage|Mixed Platforms.Build.0 = Release|Any CPU
		{F8AAB011-442B-46E6-91D4-B130C74F081B}.SingleImage|x86.ActiveCfg = Release|Any CPU
		{497B21F7-99DB-4C3C-9BAF-2475511622EF}.CD_ROM|Any CPU.ActiveCfg = Release|x86
		{497B21F7-99DB-4C3C-9BAF-2475511622EF}.CD_ROM|Mixed Platforms.ActiveCfg = Release|x86
		{497B21F7-99DB-4C3C-9BAF-2475511622EF}.CD_ROM|Mixed Platforms.Build.0 = Release|x86
		{497B21F7-99DB-4C3C-9BAF-2475511622EF}.CD_ROM|x86.ActiveCfg = Release|x86
		{497B21F7-99DB-4C3C-9BAF-2475511622EF}.CD_ROM|x86.Build.0 = Release|x86
		{497B21F7-99DB-4C3C-9BAF-2475511622EF}.Debug|Any CPU.ActiveCfg = Debug|x86
		{497B21F7-99DB-4C3C-9BAF-2475511622EF}.Debug|Any CPU.Build.0 = Debug|x86
		{497B21F7-99DB-4C3C-9BAF-2475511622EF}.Debug|Mixed Platforms.ActiveCfg = Debug|x86
		{497B21F7-99DB-4C3C-9BAF-2475511622EF}.Debug|Mixed Platforms.Build.0 = Debug|x86
		{497B21F7-99DB-4C3C-9BAF-2475511622EF}.Debug|x86.ActiveCfg = Debug|x86
		{497B21F7-99DB-4C3C-9BAF-2475511622EF}.Debug|x86.Build.0 = Debug|x86
		{497B21F7-99DB-4C3C-9BAF-2475511622EF}.DVD-5|Any CPU.ActiveCfg = Debug|x86
		{497B21F7-99DB-4C3C-9BAF-2475511622EF}.DVD-5|Mixed Platforms.ActiveCfg = Debug|x86
		{497B21F7-99DB-4C3C-9BAF-2475511622EF}.DVD-5|Mixed Platforms.Build.0 = Debug|x86
		{497B21F7-99DB-4C3C-9BAF-2475511622EF}.DVD-5|x86.ActiveCfg = Debug|x86
		{497B21F7-99DB-4C3C-9BAF-2475511622EF}.DVD-5|x86.Build.0 = Debug|x86
		{497B21F7-99DB-4C3C-9BAF-2475511622EF}.Release|Any CPU.ActiveCfg = Release|x86
		{497B21F7-99DB-4C3C-9BAF-2475511622EF}.Release|Any CPU.Build.0 = Release|x86
		{497B21F7-99DB-4C3C-9BAF-2475511622EF}.Release|Mixed Platforms.ActiveCfg = Release|x86
		{497B21F7-99DB-4C3C-9BAF-2475511622EF}.Release|Mixed Platforms.Build.0 = Release|x86
		{497B21F7-99DB-4C3C-9BAF-2475511622EF}.Release|x86.ActiveCfg = Release|x86
		{497B21F7-99DB-4C3C-9BAF-2475511622EF}.Release|x86.Build.0 = Release|x86
		{497B21F7-99DB-4C3C-9BAF-2475511622EF}.SingleImage|Any CPU.ActiveCfg = Release|x86
		{497B21F7-99DB-4C3C-9BAF-2475511622EF}.SingleImage|Mixed Platforms.ActiveCfg = Release|x86
		{497B21F7-99DB-4C3C-9BAF-2475511622EF}.SingleImage|Mixed Platforms.Build.0 = Release|x86
		{497B21F7-99DB-4C3C-9BAF-2475511622EF}.SingleImage|x86.ActiveCfg = Release|x86
		{497B21F7-99DB-4C3C-9BAF-2475511622EF}.SingleImage|x86.Build.0 = Release|x86
		{705FEBE4-212B-4CD5-81B5-33C2E72F3EDC}.CD_ROM|Any CPU.ActiveCfg = Release|x86
		{705FEBE4-212B-4CD5-81B5-33C2E72F3EDC}.CD_ROM|Mixed Platforms.ActiveCfg = Release|x86
		{705FEBE4-212B-4CD5-81B5-33C2E72F3EDC}.CD_ROM|Mixed Platforms.Build.0 = Release|x86
		{705FEBE4-212B-4CD5-81B5-33C2E72F3EDC}.CD_ROM|x86.ActiveCfg = Release|x86
		{705FEBE4-212B-4CD5-81B5-33C2E72F3EDC}.CD_ROM|x86.Build.0 = Release|x86
		{705FEBE4-212B-4CD5-81B5-33C2E72F3EDC}.Debug|Any CPU.ActiveCfg = Debug|x86
		{705FEBE4-212B-4CD5-81B5-33C2E72F3EDC}.Debug|Any CPU.Build.0 = Debug|x86
		{705FEBE4-212B-4CD5-81B5-33C2E72F3EDC}.Debug|Mixed Platforms.ActiveCfg = Debug|x86
		{705FEBE4-212B-4CD5-81B5-33C2E72F3EDC}.Debug|Mixed Platforms.Build.0 = Debug|x86
		{705FEBE4-212B-4CD5-81B5-33C2E72F3EDC}.Debug|x86.ActiveCfg = Debug|x86
		{705FEBE4-212B-4CD5-81B5-33C2E72F3EDC}.Debug|x86.Build.0 = Debug|x86
		{705FEBE4-212B-4CD5-81B5-33C2E72F3EDC}.DVD-5|Any CPU.ActiveCfg = Debug|x86
		{705FEBE4-212B-4CD5-81B5-33C2E72F3EDC}.DVD-5|Mixed Platforms.ActiveCfg = Debug|x86
		{705FEBE4-212B-4CD5-81B5-33C2E72F3EDC}.DVD-5|Mixed Platforms.Build.0 = Debug|x86
		{705FEBE4-212B-4CD5-81B5-33C2E72F3EDC}.DVD-5|x86.ActiveCfg = Debug|x86
		{705FEBE4-212B-4CD5-81B5-33C2E72F3EDC}.DVD-5|x86.Build.0 = Debug|x86
		{705FEBE4-212B-4CD5-81B5-33C2E72F3EDC}.Release|Any CPU.ActiveCfg = Release|x86
		{705FEBE4-212B-4CD5-81B5-33C2E72F3EDC}.Release|Any CPU.Build.0 = Release|x86
		{705FEBE4-212B-4CD5-81B5-33C2E72F3EDC}.Release|Mixed Platforms.ActiveCfg = Release|x86
		{705FEBE4-212B-4CD5-81B5-33C2E72F3EDC}.Release|Mixed Platforms.Build.0 = Release|x86
		{705FEBE4-212B-4CD5-81B5-33C2E72F3EDC}.Release|x86.ActiveCfg = Release|x86
		{705FEBE4-212B-4CD5-81B5-33C2E72F3EDC}.Release|x86.Build.0 = Release|x86
		{705FEBE4-212B-4CD5-81B5-33C2E72F3EDC}.SingleImage|Any CPU.ActiveCfg = Release|x86
		{705FEBE4-212B-4CD5-81B5-33C2E72F3EDC}.SingleImage|Mixed Platforms.ActiveCfg = Release|x86
		{705FEBE4-212B-4CD5-81B5-33C2E72F3EDC}.SingleImage|Mixed Platforms.Build.0 = Release|x86
		{705FEBE4-212B-4CD5-81B5-33C2E72F3EDC}.SingleImage|x86.ActiveCfg = Release|x86
		{705FEBE4-212B-4CD5-81B5-33C2E72F3EDC}.SingleImage|x86.Build.0 = Release|x86
		{D520CCD6-B7A4-4D7E-BDFE-1DF89111383A}.CD_ROM|Any CPU.ActiveCfg = Release|x86
		{D520CCD6-B7A4-4D7E-BDFE-1DF89111383A}.CD_ROM|Mixed Platforms.ActiveCfg = Release|x86
		{D520CCD6-B7A4-4D7E-BDFE-1DF89111383A}.CD_ROM|Mixed Platforms.Build.0 = Release|x86
		{D520CCD6-B7A4-4D7E-BDFE-1DF89111383A}.CD_ROM|x86.ActiveCfg = Release|x86
		{D520CCD6-B7A4-4D7E-BDFE-1DF89111383A}.CD_ROM|x86.Build.0 = Release|x86
		{D520CCD6-B7A4-4D7E-BDFE-1DF89111383A}.Debug|Any CPU.ActiveCfg = Debug|x86
		{D520CCD6-B7A4-4D7E-BDFE-1DF89111383A}.Debug|Any CPU.Build.0 = Debug|x86
		{D520CCD6-B7A4-4D7E-BDFE-1DF89111383A}.Debug|Mixed Platforms.ActiveCfg = Debug|x86
		{D520CCD6-B7A4-4D7E-BDFE-1DF89111383A}.Debug|Mixed Platforms.Build.0 = Debug|x86
		{D520CCD6-B7A4-4D7E-BDFE-1DF89111383A}.Debug|x86.ActiveCfg = Debug|x86
		{D520CCD6-B7A4-4D7E-BDFE-1DF89111383A}.Debug|x86.Build.0 = Debug|x86
		{D520CCD6-B7A4-4D7E-BDFE-1DF89111383A}.DVD-5|Any CPU.ActiveCfg = Debug|x86
		{D520CCD6-B7A4-4D7E-BDFE-1DF89111383A}.DVD-5|Mixed Platforms.ActiveCfg = Debug|x86
		{D520CCD6-B7A4-4D7E-BDFE-1DF89111383A}.DVD-5|Mixed Platforms.Build.0 = Debug|x86
		{D520CCD6-B7A4-4D7E-BDFE-1DF89111383A}.DVD-5|x86.ActiveCfg = Debug|x86
		{D520CCD6-B7A4-4D7E-BDFE-1DF89111383A}.DVD-5|x86.Build.0 = Debug|x86
		{D520CCD6-B7A4-4D7E-BDFE-1DF89111383A}.Release|Any CPU.ActiveCfg = Release|x86
		{D520CCD6-B7A4-4D7E-BDFE-1DF89111383A}.Release|Any CPU.Build.0 = Release|x86
		{D520CCD6-B7A4-4D7E-BDFE-1DF89111383A}.Release|Mixed Platforms.ActiveCfg = Release|x86
		{D520CCD6-B7A4-4D7E-BDFE-1DF89111383A}.Release|Mixed Platforms.Build.0 = Release|x86
		{D520CCD6-B7A4-4D7E-BDFE-1DF89111383A}.Release|x86.ActiveCfg = Release|x86
		{D520CCD6-B7A4-4D7E-BDFE-1DF89111383A}.Release|x86.Build.0 = Release|x86
		{D520CCD6-B7A4-4D7E-BDFE-1DF89111383A}.SingleImage|Any CPU.ActiveCfg = Release|x86
		{D520CCD6-B7A4-4D7E-BDFE-1DF89111383A}.SingleImage|Mixed Platforms.ActiveCfg = Release|x86
		{D520CCD6-B7A4-4D7E-BDFE-1DF89111383A}.SingleImage|Mixed Platforms.Build.0 = Release|x86
		{D520CCD6-B7A4-4D7E-BDFE-1DF89111383A}.SingleImage|x86.ActiveCfg = Release|x86
		{D520CCD6-B7A4-4D7E-BDFE-1DF89111383A}.SingleImage|x86.Build.0 = Release|x86
		{20E590DE-DDF6-46DA-9348-D06F8F238A25}.CD_ROM|Any CPU.ActiveCfg = Release|x86
		{20E590DE-DDF6-46DA-9348-D06F8F238A25}.CD_ROM|Mixed Platforms.ActiveCfg = Release|x86
		{20E590DE-DDF6-46DA-9348-D06F8F238A25}.CD_ROM|Mixed Platforms.Build.0 = Release|x86
		{20E590DE-DDF6-46DA-9348-D06F8F238A25}.CD_ROM|x86.ActiveCfg = Release|x86
		{20E590DE-DDF6-46DA-9348-D06F8F238A25}.CD_ROM|x86.Build.0 = Release|x86
		{20E590DE-DDF6-46DA-9348-D06F8F238A25}.Debug|Any CPU.ActiveCfg = Debug|x86
		{20E590DE-DDF6-46DA-9348-D06F8F238A25}.Debug|Any CPU.Build.0 = Debug|x86
		{20E590DE-DDF6-46DA-9348-D06F8F238A25}.Debug|Mixed Platforms.ActiveCfg = Debug|x86
		{20E590DE-DDF6-46DA-9348-D06F8F238A25}.Debug|Mixed Platforms.Build.0 = Debug|x86
		{20E590DE-DDF6-46DA-9348-D06F8F238A25}.Debug|x86.ActiveCfg = Debug|x86
		{20E590DE-DDF6-46DA-9348-D06F8F238A25}.Debug|x86.Build.0 = Debug|x86
		{20E590DE-DDF6-46DA-9348-D06F8F238A25}.DVD-5|Any CPU.ActiveCfg = Debug|x86
		{20E590DE-DDF6-46DA-9348-D06F8F238A25}.DVD-5|Mixed Platforms.ActiveCfg = Debug|x86
		{20E590DE-DDF6-46DA-9348-D06F8F238A25}.DVD-5|Mixed Platforms.Build.0 = Debug|x86
		{20E590DE-DDF6-46DA-9348-D06F8F238A25}.DVD-5|x86.ActiveCfg = Debug|x86
		{20E590DE-DDF6-46DA-9348-D06F8F238A25}.DVD-5|x86.Build.0 = Debug|x86
		{20E590DE-DDF6-46DA-9348-D06F8F238A25}.Release|Any CPU.ActiveCfg = Release|x86
		{20E590DE-DDF6-46DA-9348-D06F8F238A25}.Release|Any CPU.Build.0 = Release|x86
		{20E590DE-DDF6-46DA-9348-D06F8F238A25}.Release|Mixed Platforms.ActiveCfg = Release|x86
		{20E590DE-DDF6-46DA-9348-D06F8F238A25}.Release|Mixed Platforms.Build.0 = Release|x86
		{20E590DE-DDF6-46DA-9348-D06F8F238A25}.Release|x86.ActiveCfg = Release|x86
		{20E590DE-DDF6-46DA-9348-D06F8F238A25}.Release|x86.Build.0 = Release|x86
		{20E590DE-DDF6-46DA-9348-D06F8F238A25}.SingleImage|Any CPU.ActiveCfg = Release|x86
		{20E590DE-DDF6-46DA-9348-D06F8F238A25}.SingleImage|Mixed Platforms.ActiveCfg = Release|x86
		{20E590DE-DDF6-46DA-9348-D06F8F238A25}.SingleImage|Mixed Platforms.Build.0 = Release|x86
		{20E590DE-DDF6-46DA-9348-D06F8F238A25}.SingleImage|x86.ActiveCfg = Release|x86
		{20E590DE-DDF6-46DA-9348-D06F8F238A25}.SingleImage|x86.Build.0 = Release|x86
		{01AEDCB1-1178-480D-B319-624FA6ECD74F}.CD_ROM|Any CPU.ActiveCfg = Release|Any CPU
		{01AEDCB1-1178-480D-B319-624FA6ECD74F}.CD_ROM|Any CPU.Build.0 = Release|Any CPU
		{01AEDCB1-1178-480D-B319-624FA6ECD74F}.CD_ROM|Mixed Platforms.ActiveCfg = Release|Any CPU
		{01AEDCB1-1178-480D-B319-624FA6ECD74F}.CD_ROM|Mixed Platforms.Build.0 = Release|Any CPU
		{01AEDCB1-1178-480D-B319-624FA6ECD74F}.CD_ROM|x86.ActiveCfg = Release|Any CPU
		{01AEDCB1-1178-480D-B319-624FA6ECD74F}.Debug|Any CPU.ActiveCfg = Debug|Any CPU
		{01AEDCB1-1178-480D-B319-624FA6ECD74F}.Debug|Any CPU.Build.0 = Debug|Any CPU
		{01AEDCB1-1178-480D-B319-624FA6ECD74F}.Debug|Mixed Platforms.ActiveCfg = Debug|Any CPU
		{01AEDCB1-1178-480D-B319-624FA6ECD74F}.Debug|Mixed Platforms.Build.0 = Debug|Any CPU
		{01AEDCB1-1178-480D-B319-624FA6ECD74F}.Debug|x86.ActiveCfg = Debug|Any CPU
		{01AEDCB1-1178-480D-B319-624FA6ECD74F}.DVD-5|Any CPU.ActiveCfg = Debug|Any CPU
		{01AEDCB1-1178-480D-B319-624FA6ECD74F}.DVD-5|Any CPU.Build.0 = Debug|Any CPU
		{01AEDCB1-1178-480D-B319-624FA6ECD74F}.DVD-5|Mixed Platforms.ActiveCfg = Debug|Any CPU
		{01AEDCB1-1178-480D-B319-624FA6ECD74F}.DVD-5|Mixed Platforms.Build.0 = Debug|Any CPU
		{01AEDCB1-1178-480D-B319-624FA6ECD74F}.DVD-5|x86.ActiveCfg = Debug|Any CPU
		{01AEDCB1-1178-480D-B319-624FA6ECD74F}.Release|Any CPU.ActiveCfg = Release|Any CPU
		{01AEDCB1-1178-480D-B319-624FA6ECD74F}.Release|Any CPU.Build.0 = Release|Any CPU
		{01AEDCB1-1178-480D-B319-624FA6ECD74F}.Release|Mixed Platforms.ActiveCfg = Release|Any CPU
		{01AEDCB1-1178-480D-B319-624FA6ECD74F}.Release|Mixed Platforms.Build.0 = Release|Any CPU
		{01AEDCB1-1178-480D-B319-624FA6ECD74F}.Release|x86.ActiveCfg = Release|Any CPU
		{01AEDCB1-1178-480D-B319-624FA6ECD74F}.SingleImage|Any CPU.ActiveCfg = Release|Any CPU
		{01AEDCB1-1178-480D-B319-624FA6ECD74F}.SingleImage|Any CPU.Build.0 = Release|Any CPU
		{01AEDCB1-1178-480D-B319-624FA6ECD74F}.SingleImage|Mixed Platforms.ActiveCfg = Release|Any CPU
		{01AEDCB1-1178-480D-B319-624FA6ECD74F}.SingleImage|Mixed Platforms.Build.0 = Release|Any CPU
		{01AEDCB1-1178-480D-B319-624FA6ECD74F}.SingleImage|x86.ActiveCfg = Release|Any CPU
		{5C400E3C-2DC2-4771-8F2A-689A11953F1F}.CD_ROM|Any CPU.ActiveCfg = Release|x86
		{5C400E3C-2DC2-4771-8F2A-689A11953F1F}.CD_ROM|Mixed Platforms.ActiveCfg = Release|x86
		{5C400E3C-2DC2-4771-8F2A-689A11953F1F}.CD_ROM|Mixed Platforms.Build.0 = Release|x86
		{5C400E3C-2DC2-4771-8F2A-689A11953F1F}.CD_ROM|x86.ActiveCfg = Release|x86
		{5C400E3C-2DC2-4771-8F2A-689A11953F1F}.CD_ROM|x86.Build.0 = Release|x86
		{5C400E3C-2DC2-4771-8F2A-689A11953F1F}.Debug|Any CPU.ActiveCfg = Debug|x86
		{5C400E3C-2DC2-4771-8F2A-689A11953F1F}.Debug|Any CPU.Build.0 = Debug|x86
		{5C400E3C-2DC2-4771-8F2A-689A11953F1F}.Debug|Mixed Platforms.ActiveCfg = Debug|x86
		{5C400E3C-2DC2-4771-8F2A-689A11953F1F}.Debug|Mixed Platforms.Build.0 = Debug|x86
		{5C400E3C-2DC2-4771-8F2A-689A11953F1F}.Debug|x86.ActiveCfg = Debug|x86
		{5C400E3C-2DC2-4771-8F2A-689A11953F1F}.Debug|x86.Build.0 = Debug|x86
		{5C400E3C-2DC2-4771-8F2A-689A11953F1F}.DVD-5|Any CPU.ActiveCfg = Debug|x86
		{5C400E3C-2DC2-4771-8F2A-689A11953F1F}.DVD-5|Mixed Platforms.ActiveCfg = Debug|x86
		{5C400E3C-2DC2-4771-8F2A-689A11953F1F}.DVD-5|Mixed Platforms.Build.0 = Debug|x86
		{5C400E3C-2DC2-4771-8F2A-689A11953F1F}.DVD-5|x86.ActiveCfg = Debug|x86
		{5C400E3C-2DC2-4771-8F2A-689A11953F1F}.DVD-5|x86.Build.0 = Debug|x86
		{5C400E3C-2DC2-4771-8F2A-689A11953F1F}.Release|Any CPU.ActiveCfg = Release|x86
		{5C400E3C-2DC2-4771-8F2A-689A11953F1F}.Release|Any CPU.Build.0 = Release|x86
		{5C400E3C-2DC2-4771-8F2A-689A11953F1F}.Release|Mixed Platforms.ActiveCfg = Release|x86
		{5C400E3C-2DC2-4771-8F2A-689A11953F1F}.Release|Mixed Platforms.Build.0 = Release|x86
		{5C400E3C-2DC2-4771-8F2A-689A11953F1F}.Release|x86.ActiveCfg = Release|x86
		{5C400E3C-2DC2-4771-8F2A-689A11953F1F}.Release|x86.Build.0 = Release|x86
		{5C400E3C-2DC2-4771-8F2A-689A11953F1F}.SingleImage|Any CPU.ActiveCfg = Release|x86
		{5C400E3C-2DC2-4771-8F2A-689A11953F1F}.SingleImage|Mixed Platforms.ActiveCfg = Release|x86
		{5C400E3C-2DC2-4771-8F2A-689A11953F1F}.SingleImage|Mixed Platforms.Build.0 = Release|x86
		{5C400E3C-2DC2-4771-8F2A-689A11953F1F}.SingleImage|x86.ActiveCfg = Release|x86
		{5C400E3C-2DC2-4771-8F2A-689A11953F1F}.SingleImage|x86.Build.0 = Release|x86
		{363C2778-6DDA-45C1-9DAE-D862B52DB636}.CD_ROM|Any CPU.ActiveCfg = Release|x86
		{363C2778-6DDA-45C1-9DAE-D862B52DB636}.CD_ROM|Mixed Platforms.ActiveCfg = Release|x86
		{363C2778-6DDA-45C1-9DAE-D862B52DB636}.CD_ROM|Mixed Platforms.Build.0 = Release|x86
		{363C2778-6DDA-45C1-9DAE-D862B52DB636}.CD_ROM|x86.ActiveCfg = Release|x86
		{363C2778-6DDA-45C1-9DAE-D862B52DB636}.CD_ROM|x86.Build.0 = Release|x86
		{363C2778-6DDA-45C1-9DAE-D862B52DB636}.Debug|Any CPU.ActiveCfg = Debug|x86
		{363C2778-6DDA-45C1-9DAE-D862B52DB636}.Debug|Any CPU.Build.0 = Debug|x86
		{363C2778-6DDA-45C1-9DAE-D862B52DB636}.Debug|Mixed Platforms.ActiveCfg = Debug|x86
		{363C2778-6DDA-45C1-9DAE-D862B52DB636}.Debug|Mixed Platforms.Build.0 = Debug|x86
		{363C2778-6DDA-45C1-9DAE-D862B52DB636}.Debug|x86.ActiveCfg = Debug|x86
		{363C2778-6DDA-45C1-9DAE-D862B52DB636}.Debug|x86.Build.0 = Debug|x86
		{363C2778-6DDA-45C1-9DAE-D862B52DB636}.DVD-5|Any CPU.ActiveCfg = Debug|x86
		{363C2778-6DDA-45C1-9DAE-D862B52DB636}.DVD-5|Mixed Platforms.ActiveCfg = Debug|x86
		{363C2778-6DDA-45C1-9DAE-D862B52DB636}.DVD-5|Mixed Platforms.Build.0 = Debug|x86
		{363C2778-6DDA-45C1-9DAE-D862B52DB636}.DVD-5|x86.ActiveCfg = Debug|x86
		{363C2778-6DDA-45C1-9DAE-D862B52DB636}.DVD-5|x86.Build.0 = Debug|x86
		{363C2778-6DDA-45C1-9DAE-D862B52DB636}.Release|Any CPU.ActiveCfg = Release|x86
		{363C2778-6DDA-45C1-9DAE-D862B52DB636}.Release|Any CPU.Build.0 = Release|x86
		{363C2778-6DDA-45C1-9DAE-D862B52DB636}.Release|Mixed Platforms.ActiveCfg = Release|x86
		{363C2778-6DDA-45C1-9DAE-D862B52DB636}.Release|Mixed Platforms.Build.0 = Release|x86
		{363C2778-6DDA-45C1-9DAE-D862B52DB636}.Release|x86.ActiveCfg = Release|x86
		{363C2778-6DDA-45C1-9DAE-D862B52DB636}.Release|x86.Build.0 = Release|x86
		{363C2778-6DDA-45C1-9DAE-D862B52DB636}.SingleImage|Any CPU.ActiveCfg = Release|x86
		{363C2778-6DDA-45C1-9DAE-D862B52DB636}.SingleImage|Mixed Platforms.ActiveCfg = Release|x86
		{363C2778-6DDA-45C1-9DAE-D862B52DB636}.SingleImage|Mixed Platforms.Build.0 = Release|x86
		{363C2778-6DDA-45C1-9DAE-D862B52DB636}.SingleImage|x86.ActiveCfg = Release|x86
		{363C2778-6DDA-45C1-9DAE-D862B52DB636}.SingleImage|x86.Build.0 = Release|x86
		{1CF6DB62-8ABD-4A0D-89D2-782433458878}.CD_ROM|Any CPU.ActiveCfg = Release|Any CPU
		{1CF6DB62-8ABD-4A0D-89D2-782433458878}.CD_ROM|Any CPU.Build.0 = Release|Any CPU
		{1CF6DB62-8ABD-4A0D-89D2-782433458878}.CD_ROM|Mixed Platforms.ActiveCfg = Release|Any CPU
		{1CF6DB62-8ABD-4A0D-89D2-782433458878}.CD_ROM|Mixed Platforms.Build.0 = Release|Any CPU
		{1CF6DB62-8ABD-4A0D-89D2-782433458878}.CD_ROM|x86.ActiveCfg = Release|Any CPU
		{1CF6DB62-8ABD-4A0D-89D2-782433458878}.Debug|Any CPU.ActiveCfg = Debug|Any CPU
		{1CF6DB62-8ABD-4A0D-89D2-782433458878}.Debug|Any CPU.Build.0 = Debug|Any CPU
		{1CF6DB62-8ABD-4A0D-89D2-782433458878}.Debug|Mixed Platforms.ActiveCfg = Debug|Any CPU
		{1CF6DB62-8ABD-4A0D-89D2-782433458878}.Debug|Mixed Platforms.Build.0 = Debug|Any CPU
		{1CF6DB62-8ABD-4A0D-89D2-782433458878}.Debug|x86.ActiveCfg = Debug|Any CPU
		{1CF6DB62-8ABD-4A0D-89D2-782433458878}.DVD-5|Any CPU.ActiveCfg = Debug|Any CPU
		{1CF6DB62-8ABD-4A0D-89D2-782433458878}.DVD-5|Any CPU.Build.0 = Debug|Any CPU
		{1CF6DB62-8ABD-4A0D-89D2-782433458878}.DVD-5|Mixed Platforms.ActiveCfg = Debug|Any CPU
		{1CF6DB62-8ABD-4A0D-89D2-782433458878}.DVD-5|Mixed Platforms.Build.0 = Debug|Any CPU
		{1CF6DB62-8ABD-4A0D-89D2-782433458878}.DVD-5|x86.ActiveCfg = Debug|Any CPU
		{1CF6DB62-8ABD-4A0D-89D2-782433458878}.Release|Any CPU.ActiveCfg = Release|Any CPU
		{1CF6DB62-8ABD-4A0D-89D2-782433458878}.Release|Any CPU.Build.0 = Release|Any CPU
		{1CF6DB62-8ABD-4A0D-89D2-782433458878}.Release|Mixed Platforms.ActiveCfg = Release|Any CPU
		{1CF6DB62-8ABD-4A0D-89D2-782433458878}.Release|Mixed Platforms.Build.0 = Release|Any CPU
		{1CF6DB62-8ABD-4A0D-89D2-782433458878}.Release|x86.ActiveCfg = Release|Any CPU
		{1CF6DB62-8ABD-4A0D-89D2-782433458878}.SingleImage|Any CPU.ActiveCfg = Release|Any CPU
		{1CF6DB62-8ABD-4A0D-89D2-782433458878}.SingleImage|Any CPU.Build.0 = Release|Any CPU
		{1CF6DB62-8ABD-4A0D-89D2-782433458878}.SingleImage|Mixed Platforms.ActiveCfg = Release|Any CPU
		{1CF6DB62-8ABD-4A0D-89D2-782433458878}.SingleImage|Mixed Platforms.Build.0 = Release|Any CPU
		{1CF6DB62-8ABD-4A0D-89D2-782433458878}.SingleImage|x86.ActiveCfg = Release|Any CPU
		{1E75837A-A555-4C5B-B7FF-A12B37BC937C}.CD_ROM|Any CPU.ActiveCfg = Release|Any CPU
		{1E75837A-A555-4C5B-B7FF-A12B37BC937C}.CD_ROM|Any CPU.Build.0 = Release|Any CPU
		{1E75837A-A555-4C5B-B7FF-A12B37BC937C}.CD_ROM|Mixed Platforms.ActiveCfg = Release|Any CPU
		{1E75837A-A555-4C5B-B7FF-A12B37BC937C}.CD_ROM|Mixed Platforms.Build.0 = Release|Any CPU
		{1E75837A-A555-4C5B-B7FF-A12B37BC937C}.CD_ROM|x86.ActiveCfg = Release|Any CPU
		{1E75837A-A555-4C5B-B7FF-A12B37BC937C}.Debug|Any CPU.ActiveCfg = Debug|Any CPU
		{1E75837A-A555-4C5B-B7FF-A12B37BC937C}.Debug|Any CPU.Build.0 = Debug|Any CPU
		{1E75837A-A555-4C5B-B7FF-A12B37BC937C}.Debug|Mixed Platforms.ActiveCfg = Debug|Any CPU
		{1E75837A-A555-4C5B-B7FF-A12B37BC937C}.Debug|Mixed Platforms.Build.0 = Debug|Any CPU
		{1E75837A-A555-4C5B-B7FF-A12B37BC937C}.Debug|x86.ActiveCfg = Debug|Any CPU
		{1E75837A-A555-4C5B-B7FF-A12B37BC937C}.DVD-5|Any CPU.ActiveCfg = Debug|Any CPU
		{1E75837A-A555-4C5B-B7FF-A12B37BC937C}.DVD-5|Any CPU.Build.0 = Debug|Any CPU
		{1E75837A-A555-4C5B-B7FF-A12B37BC937C}.DVD-5|Mixed Platforms.ActiveCfg = Debug|Any CPU
		{1E75837A-A555-4C5B-B7FF-A12B37BC937C}.DVD-5|Mixed Platforms.Build.0 = Debug|Any CPU
		{1E75837A-A555-4C5B-B7FF-A12B37BC937C}.DVD-5|x86.ActiveCfg = Debug|Any CPU
		{1E75837A-A555-4C5B-B7FF-A12B37BC937C}.Release|Any CPU.ActiveCfg = Release|Any CPU
		{1E75837A-A555-4C5B-B7FF-A12B37BC937C}.Release|Any CPU.Build.0 = Release|Any CPU
		{1E75837A-A555-4C5B-B7FF-A12B37BC937C}.Release|Mixed Platforms.ActiveCfg = Release|Any CPU
		{1E75837A-A555-4C5B-B7FF-A12B37BC937C}.Release|Mixed Platforms.Build.0 = Release|Any CPU
		{1E75837A-A555-4C5B-B7FF-A12B37BC937C}.Release|x86.ActiveCfg = Release|Any CPU
		{1E75837A-A555-4C5B-B7FF-A12B37BC937C}.SingleImage|Any CPU.ActiveCfg = Release|Any CPU
		{1E75837A-A555-4C5B-B7FF-A12B37BC937C}.SingleImage|Any CPU.Build.0 = Release|Any CPU
		{1E75837A-A555-4C5B-B7FF-A12B37BC937C}.SingleImage|Mixed Platforms.ActiveCfg = Release|Any CPU
		{1E75837A-A555-4C5B-B7FF-A12B37BC937C}.SingleImage|Mixed Platforms.Build.0 = Release|Any CPU
		{1E75837A-A555-4C5B-B7FF-A12B37BC937C}.SingleImage|x86.ActiveCfg = Release|Any CPU
	EndGlobalSection
	GlobalSection(SolutionProperties) = preSolution
		HideSolutionNode = FALSE
	EndGlobalSection
	GlobalSection(ExtensibilityGlobals) = postSolution
		SolutionGuid = {777C82B2-969D-4ACC-B686-2C9AE40AC3E8}
	EndGlobalSection
EndGlobal
