
Microsoft Visual Studio Solution File, Format Version 11.00
# Visual Studio 2010
Project("{2150E333-8FDC-42A3-9474-1A3956D46DE8}") = "Solution Items", "Solution Items", "{379DE09A-FC61-4336-A1D2-702EB546E2B2}"
EndProject
Project("{FAE04EC0-301F-11D3-BF4B-00C04F79EFBC}") = "sepp", "sepp\sepp.csproj", "{67AA8D95-5A06-48AC-8DE6-6EC9582D8BA4}"
EndProject
Project("{FAE04EC0-301F-11D3-BF4B-00C04F79EFBC}") = "BibleFileLib", "BibleFileLib\BibleFileLib.csproj", "{F8AAB011-442B-46E6-91D4-B130C74F081B}"
EndProject
Project("{FAE04EC0-301F-11D3-BF4B-00C04F79EFBC}") = "xlat", "xlat\xlat.csproj", "{497B21F7-99DB-4C3C-9BAF-2475511622EF}"
EndProject
Project("{FAE04EC0-301F-11D3-BF4B-00C04F79EFBC}") = "phrasetrans", "phrasetrans\phrasetrans.csproj", "{705FEBE4-212B-4CD5-81B5-33C2E72F3EDC}"
	ProjectSection(ProjectDependencies) = postProject
		{F8AAB011-442B-46E6-91D4-B130C74F081B} = {F8AAB011-442B-46E6-91D4-B130C74F081B}
	EndProjectSection
EndProject
Project("{FAE04EC0-301F-11D3-BF4B-00C04F79EFBC}") = "haiola", "haiola\haiola.csproj", "{D520CCD6-B7A4-4D7E-BDFE-1DF89111383A}"
EndProject
Project("{54435603-DBB4-11D2-8724-00A0C9A8B90C}") = "HaiolaSetup", "HaiolaSetup\HaiolaSetup.vdproj", "{D0D2998D-26D2-4B24-9652-01F4AF997A2C}"
	ProjectSection(ProjectDependencies) = postProject
		{F8AAB011-442B-46E6-91D4-B130C74F081B} = {F8AAB011-442B-46E6-91D4-B130C74F081B}
		{67AA8D95-5A06-48AC-8DE6-6EC9582D8BA4} = {67AA8D95-5A06-48AC-8DE6-6EC9582D8BA4}
		{705FEBE4-212B-4CD5-81B5-33C2E72F3EDC} = {705FEBE4-212B-4CD5-81B5-33C2E72F3EDC}
		{497B21F7-99DB-4C3C-9BAF-2475511622EF} = {497B21F7-99DB-4C3C-9BAF-2475511622EF}
	EndProjectSection
EndProject
Project("{FAE04EC0-301F-11D3-BF4B-00C04F79EFBC}") = "massregex", "massregex\massregex.csproj", "{20E590DE-DDF6-46DA-9348-D06F8F238A25}"
EndProject
Project("{FAE04EC0-301F-11D3-BF4B-00C04F79EFBC}") = "usfm2usfx", "usfm2usfx\usfm2usfx.csproj", "{1F0208DB-F643-4698-B353-3A40DB441AC9}"
EndProject
Project("{FAE04EC0-301F-11D3-BF4B-00C04F79EFBC}") = "usfx2usfm", "usfx2usfm\usfx2usfm.csproj", "{01AEDCB1-1178-480D-B319-624FA6ECD74F}"
EndProject
Project("{FAE04EC0-301F-11D3-BF4B-00C04F79EFBC}") = "binfilter", "binfilter\binfilter.csproj", "{5C400E3C-2DC2-4771-8F2A-689A11953F1F}"
EndProject
Global
	GlobalSection(SolutionConfigurationPlatforms) = preSolution
		Debug|Any CPU = Debug|Any CPU
		Debug|Mixed Platforms = Debug|Mixed Platforms
		Debug|x86 = Debug|x86
		Mono Debug|Any CPU = Mono Debug|Any CPU
		Mono Debug|Mixed Platforms = Mono Debug|Mixed Platforms
		Mono Debug|x86 = Mono Debug|x86
		Mono Release|Any CPU = Mono Release|Any CPU
		Mono Release|Mixed Platforms = Mono Release|Mixed Platforms
		Mono Release|x86 = Mono Release|x86
		Release|Any CPU = Release|Any CPU
		Release|Mixed Platforms = Release|Mixed Platforms
		Release|x86 = Release|x86
	EndGlobalSection
	GlobalSection(ProjectConfigurationPlatforms) = postSolution
		{67AA8D95-5A06-48AC-8DE6-6EC9582D8BA4}.Debug|Any CPU.ActiveCfg = Debug|Any CPU
		{67AA8D95-5A06-48AC-8DE6-6EC9582D8BA4}.Debug|Any CPU.Build.0 = Debug|Any CPU
		{67AA8D95-5A06-48AC-8DE6-6EC9582D8BA4}.Debug|Mixed Platforms.ActiveCfg = Debug|Any CPU
		{67AA8D95-5A06-48AC-8DE6-6EC9582D8BA4}.Debug|Mixed Platforms.Build.0 = Debug|Any CPU
		{67AA8D95-5A06-48AC-8DE6-6EC9582D8BA4}.Debug|x86.ActiveCfg = Debug|Any CPU
		{67AA8D95-5A06-48AC-8DE6-6EC9582D8BA4}.Mono Debug|Any CPU.ActiveCfg = Debug|Any CPU
		{67AA8D95-5A06-48AC-8DE6-6EC9582D8BA4}.Mono Debug|Any CPU.Build.0 = Debug|Any CPU
		{67AA8D95-5A06-48AC-8DE6-6EC9582D8BA4}.Mono Debug|Mixed Platforms.ActiveCfg = Debug|Any CPU
		{67AA8D95-5A06-48AC-8DE6-6EC9582D8BA4}.Mono Debug|Mixed Platforms.Build.0 = Debug|Any CPU
		{67AA8D95-5A06-48AC-8DE6-6EC9582D8BA4}.Mono Debug|x86.ActiveCfg = Debug|Any CPU
		{67AA8D95-5A06-48AC-8DE6-6EC9582D8BA4}.Mono Release|Any CPU.ActiveCfg = Release|Any CPU
		{67AA8D95-5A06-48AC-8DE6-6EC9582D8BA4}.Mono Release|Any CPU.Build.0 = Release|Any CPU
		{67AA8D95-5A06-48AC-8DE6-6EC9582D8BA4}.Mono Release|Mixed Platforms.ActiveCfg = Release|Any CPU
		{67AA8D95-5A06-48AC-8DE6-6EC9582D8BA4}.Mono Release|Mixed Platforms.Build.0 = Release|Any CPU
		{67AA8D95-5A06-48AC-8DE6-6EC9582D8BA4}.Mono Release|x86.ActiveCfg = Release|Any CPU
		{67AA8D95-5A06-48AC-8DE6-6EC9582D8BA4}.Release|Any CPU.ActiveCfg = Release|Any CPU
		{67AA8D95-5A06-48AC-8DE6-6EC9582D8BA4}.Release|Any CPU.Build.0 = Release|Any CPU
		{67AA8D95-5A06-48AC-8DE6-6EC9582D8BA4}.Release|Mixed Platforms.ActiveCfg = Release|Any CPU
		{67AA8D95-5A06-48AC-8DE6-6EC9582D8BA4}.Release|Mixed Platforms.Build.0 = Release|Any CPU
		{67AA8D95-5A06-48AC-8DE6-6EC9582D8BA4}.Release|x86.ActiveCfg = Release|Any CPU
		{F8AAB011-442B-46E6-91D4-B130C74F081B}.Debug|Any CPU.ActiveCfg = Debug|Any CPU
		{F8AAB011-442B-46E6-91D4-B130C74F081B}.Debug|Any CPU.Build.0 = Debug|Any CPU
		{F8AAB011-442B-46E6-91D4-B130C74F081B}.Debug|Mixed Platforms.ActiveCfg = Debug|Any CPU
		{F8AAB011-442B-46E6-91D4-B130C74F081B}.Debug|Mixed Platforms.Build.0 = Debug|Any CPU
		{F8AAB011-442B-46E6-91D4-B130C74F081B}.Debug|x86.ActiveCfg = Debug|Any CPU
		{F8AAB011-442B-46E6-91D4-B130C74F081B}.Mono Debug|Any CPU.ActiveCfg = Debug|Any CPU
		{F8AAB011-442B-46E6-91D4-B130C74F081B}.Mono Debug|Any CPU.Build.0 = Debug|Any CPU
		{F8AAB011-442B-46E6-91D4-B130C74F081B}.Mono Debug|Mixed Platforms.ActiveCfg = Debug|Any CPU
		{F8AAB011-442B-46E6-91D4-B130C74F081B}.Mono Debug|Mixed Platforms.Build.0 = Debug|Any CPU
		{F8AAB011-442B-46E6-91D4-B130C74F081B}.Mono Debug|x86.ActiveCfg = Debug|Any CPU
		{F8AAB011-442B-46E6-91D4-B130C74F081B}.Mono Release|Any CPU.ActiveCfg = Release|Any CPU
		{F8AAB011-442B-46E6-91D4-B130C74F081B}.Mono Release|Any CPU.Build.0 = Release|Any CPU
		{F8AAB011-442B-46E6-91D4-B130C74F081B}.Mono Release|Mixed Platforms.ActiveCfg = Release|Any CPU
		{F8AAB011-442B-46E6-91D4-B130C74F081B}.Mono Release|Mixed Platforms.Build.0 = Release|Any CPU
		{F8AAB011-442B-46E6-91D4-B130C74F081B}.Mono Release|x86.ActiveCfg = Release|Any CPU
		{F8AAB011-442B-46E6-91D4-B130C74F081B}.Release|Any CPU.ActiveCfg = Release|Any CPU
		{F8AAB011-442B-46E6-91D4-B130C74F081B}.Release|Any CPU.Build.0 = Release|Any CPU
		{F8AAB011-442B-46E6-91D4-B130C74F081B}.Release|Mixed Platforms.ActiveCfg = Release|Any CPU
		{F8AAB011-442B-46E6-91D4-B130C74F081B}.Release|Mixed Platforms.Build.0 = Release|Any CPU
		{F8AAB011-442B-46E6-91D4-B130C74F081B}.Release|x86.ActiveCfg = Release|Any CPU
		{497B21F7-99DB-4C3C-9BAF-2475511622EF}.Debug|Any CPU.ActiveCfg = Debug|x86
		{497B21F7-99DB-4C3C-9BAF-2475511622EF}.Debug|Any CPU.Build.0 = Debug|x86
		{497B21F7-99DB-4C3C-9BAF-2475511622EF}.Debug|Mixed Platforms.ActiveCfg = Debug|x86
		{497B21F7-99DB-4C3C-9BAF-2475511622EF}.Debug|Mixed Platforms.Build.0 = Debug|x86
		{497B21F7-99DB-4C3C-9BAF-2475511622EF}.Debug|x86.ActiveCfg = Debug|x86
		{497B21F7-99DB-4C3C-9BAF-2475511622EF}.Debug|x86.Build.0 = Debug|x86
		{497B21F7-99DB-4C3C-9BAF-2475511622EF}.Mono Debug|Any CPU.ActiveCfg = Debug|x86
		{497B21F7-99DB-4C3C-9BAF-2475511622EF}.Mono Debug|Any CPU.Build.0 = Debug|x86
		{497B21F7-99DB-4C3C-9BAF-2475511622EF}.Mono Debug|Mixed Platforms.ActiveCfg = Debug|x86
		{497B21F7-99DB-4C3C-9BAF-2475511622EF}.Mono Debug|Mixed Platforms.Build.0 = Debug|x86
		{497B21F7-99DB-4C3C-9BAF-2475511622EF}.Mono Debug|x86.ActiveCfg = Debug|x86
		{497B21F7-99DB-4C3C-9BAF-2475511622EF}.Mono Debug|x86.Build.0 = Debug|x86
		{497B21F7-99DB-4C3C-9BAF-2475511622EF}.Mono Release|Any CPU.ActiveCfg = Release|x86
		{497B21F7-99DB-4C3C-9BAF-2475511622EF}.Mono Release|Any CPU.Build.0 = Release|x86
		{497B21F7-99DB-4C3C-9BAF-2475511622EF}.Mono Release|Mixed Platforms.ActiveCfg = Release|x86
		{497B21F7-99DB-4C3C-9BAF-2475511622EF}.Mono Release|Mixed Platforms.Build.0 = Release|x86
		{497B21F7-99DB-4C3C-9BAF-2475511622EF}.Mono Release|x86.ActiveCfg = Release|x86
		{497B21F7-99DB-4C3C-9BAF-2475511622EF}.Mono Release|x86.Build.0 = Release|x86
		{497B21F7-99DB-4C3C-9BAF-2475511622EF}.Release|Any CPU.ActiveCfg = Release|x86
		{497B21F7-99DB-4C3C-9BAF-2475511622EF}.Release|Any CPU.Build.0 = Release|x86
		{497B21F7-99DB-4C3C-9BAF-2475511622EF}.Release|Mixed Platforms.ActiveCfg = Release|x86
		{497B21F7-99DB-4C3C-9BAF-2475511622EF}.Release|Mixed Platforms.Build.0 = Release|x86
		{497B21F7-99DB-4C3C-9BAF-2475511622EF}.Release|x86.ActiveCfg = Release|x86
		{497B21F7-99DB-4C3C-9BAF-2475511622EF}.Release|x86.Build.0 = Release|x86
		{705FEBE4-212B-4CD5-81B5-33C2E72F3EDC}.Debug|Any CPU.ActiveCfg = Debug|x86
		{705FEBE4-212B-4CD5-81B5-33C2E72F3EDC}.Debug|Any CPU.Build.0 = Debug|x86
		{705FEBE4-212B-4CD5-81B5-33C2E72F3EDC}.Debug|Mixed Platforms.ActiveCfg = Debug|x86
		{705FEBE4-212B-4CD5-81B5-33C2E72F3EDC}.Debug|Mixed Platforms.Build.0 = Debug|x86
		{705FEBE4-212B-4CD5-81B5-33C2E72F3EDC}.Debug|x86.ActiveCfg = Debug|x86
		{705FEBE4-212B-4CD5-81B5-33C2E72F3EDC}.Debug|x86.Build.0 = Debug|x86
		{705FEBE4-212B-4CD5-81B5-33C2E72F3EDC}.Mono Debug|Any CPU.ActiveCfg = Debug|x86
		{705FEBE4-212B-4CD5-81B5-33C2E72F3EDC}.Mono Debug|Any CPU.Build.0 = Debug|x86
		{705FEBE4-212B-4CD5-81B5-33C2E72F3EDC}.Mono Debug|Mixed Platforms.ActiveCfg = Debug|x86
		{705FEBE4-212B-4CD5-81B5-33C2E72F3EDC}.Mono Debug|Mixed Platforms.Build.0 = Debug|x86
		{705FEBE4-212B-4CD5-81B5-33C2E72F3EDC}.Mono Debug|x86.ActiveCfg = Debug|x86
		{705FEBE4-212B-4CD5-81B5-33C2E72F3EDC}.Mono Debug|x86.Build.0 = Debug|x86
		{705FEBE4-212B-4CD5-81B5-33C2E72F3EDC}.Mono Release|Any CPU.ActiveCfg = Release|x86
		{705FEBE4-212B-4CD5-81B5-33C2E72F3EDC}.Mono Release|Any CPU.Build.0 = Release|x86
		{705FEBE4-212B-4CD5-81B5-33C2E72F3EDC}.Mono Release|Mixed Platforms.ActiveCfg = Release|x86
		{705FEBE4-212B-4CD5-81B5-33C2E72F3EDC}.Mono Release|Mixed Platforms.Build.0 = Release|x86
		{705FEBE4-212B-4CD5-81B5-33C2E72F3EDC}.Mono Release|x86.ActiveCfg = Release|x86
		{705FEBE4-212B-4CD5-81B5-33C2E72F3EDC}.Mono Release|x86.Build.0 = Release|x86
		{705FEBE4-212B-4CD5-81B5-33C2E72F3EDC}.Release|Any CPU.ActiveCfg = Release|x86
		{705FEBE4-212B-4CD5-81B5-33C2E72F3EDC}.Release|Any CPU.Build.0 = Release|x86
		{705FEBE4-212B-4CD5-81B5-33C2E72F3EDC}.Release|Mixed Platforms.ActiveCfg = Release|x86
		{705FEBE4-212B-4CD5-81B5-33C2E72F3EDC}.Release|Mixed Platforms.Build.0 = Release|x86
		{705FEBE4-212B-4CD5-81B5-33C2E72F3EDC}.Release|x86.ActiveCfg = Release|x86
		{705FEBE4-212B-4CD5-81B5-33C2E72F3EDC}.Release|x86.Build.0 = Release|x86
		{D520CCD6-B7A4-4D7E-BDFE-1DF89111383A}.Debug|Any CPU.ActiveCfg = Debug|x86
		{D520CCD6-B7A4-4D7E-BDFE-1DF89111383A}.Debug|Any CPU.Build.0 = Debug|x86
		{D520CCD6-B7A4-4D7E-BDFE-1DF89111383A}.Debug|Mixed Platforms.ActiveCfg = Debug|x86
		{D520CCD6-B7A4-4D7E-BDFE-1DF89111383A}.Debug|Mixed Platforms.Build.0 = Debug|x86
		{D520CCD6-B7A4-4D7E-BDFE-1DF89111383A}.Debug|x86.ActiveCfg = Debug|x86
		{D520CCD6-B7A4-4D7E-BDFE-1DF89111383A}.Debug|x86.Build.0 = Debug|x86
		{D520CCD6-B7A4-4D7E-BDFE-1DF89111383A}.Mono Debug|Any CPU.ActiveCfg = Debug|x86
		{D520CCD6-B7A4-4D7E-BDFE-1DF89111383A}.Mono Debug|Any CPU.Build.0 = Debug|x86
		{D520CCD6-B7A4-4D7E-BDFE-1DF89111383A}.Mono Debug|Mixed Platforms.ActiveCfg = Debug|x86
		{D520CCD6-B7A4-4D7E-BDFE-1DF89111383A}.Mono Debug|Mixed Platforms.Build.0 = Debug|x86
		{D520CCD6-B7A4-4D7E-BDFE-1DF89111383A}.Mono Debug|x86.ActiveCfg = Debug|x86
		{D520CCD6-B7A4-4D7E-BDFE-1DF89111383A}.Mono Debug|x86.Build.0 = Debug|x86
		{D520CCD6-B7A4-4D7E-BDFE-1DF89111383A}.Mono Release|Any CPU.ActiveCfg = Release|x86
		{D520CCD6-B7A4-4D7E-BDFE-1DF89111383A}.Mono Release|Any CPU.Build.0 = Release|x86
		{D520CCD6-B7A4-4D7E-BDFE-1DF89111383A}.Mono Release|Mixed Platforms.ActiveCfg = Release|x86
		{D520CCD6-B7A4-4D7E-BDFE-1DF89111383A}.Mono Release|Mixed Platforms.Build.0 = Release|x86
		{D520CCD6-B7A4-4D7E-BDFE-1DF89111383A}.Mono Release|x86.ActiveCfg = Release|x86
		{D520CCD6-B7A4-4D7E-BDFE-1DF89111383A}.Mono Release|x86.Build.0 = Release|x86
		{D520CCD6-B7A4-4D7E-BDFE-1DF89111383A}.Release|Any CPU.ActiveCfg = Release|x86
		{D520CCD6-B7A4-4D7E-BDFE-1DF89111383A}.Release|Any CPU.Build.0 = Release|x86
		{D520CCD6-B7A4-4D7E-BDFE-1DF89111383A}.Release|Mixed Platforms.ActiveCfg = Release|x86
		{D520CCD6-B7A4-4D7E-BDFE-1DF89111383A}.Release|Mixed Platforms.Build.0 = Release|x86
		{D520CCD6-B7A4-4D7E-BDFE-1DF89111383A}.Release|x86.ActiveCfg = Release|x86
		{D520CCD6-B7A4-4D7E-BDFE-1DF89111383A}.Release|x86.Build.0 = Release|x86
		{D0D2998D-26D2-4B24-9652-01F4AF997A2C}.Debug|Any CPU.ActiveCfg = Debug
		{D0D2998D-26D2-4B24-9652-01F4AF997A2C}.Debug|Any CPU.Build.0 = Debug
		{D0D2998D-26D2-4B24-9652-01F4AF997A2C}.Debug|Mixed Platforms.ActiveCfg = Debug
		{D0D2998D-26D2-4B24-9652-01F4AF997A2C}.Debug|x86.ActiveCfg = Debug
		{D0D2998D-26D2-4B24-9652-01F4AF997A2C}.Mono Debug|Any CPU.ActiveCfg = Debug
		{D0D2998D-26D2-4B24-9652-01F4AF997A2C}.Mono Debug|Any CPU.Build.0 = Debug
		{D0D2998D-26D2-4B24-9652-01F4AF997A2C}.Mono Debug|Mixed Platforms.ActiveCfg = Debug
		{D0D2998D-26D2-4B24-9652-01F4AF997A2C}.Mono Debug|x86.ActiveCfg = Debug
		{D0D2998D-26D2-4B24-9652-01F4AF997A2C}.Mono Release|Any CPU.ActiveCfg = Release
		{D0D2998D-26D2-4B24-9652-01F4AF997A2C}.Mono Release|Any CPU.Build.0 = Release
		{D0D2998D-26D2-4B24-9652-01F4AF997A2C}.Mono Release|Mixed Platforms.ActiveCfg = Release
		{D0D2998D-26D2-4B24-9652-01F4AF997A2C}.Mono Release|x86.ActiveCfg = Release
		{D0D2998D-26D2-4B24-9652-01F4AF997A2C}.Release|Any CPU.ActiveCfg = Release
		{D0D2998D-26D2-4B24-9652-01F4AF997A2C}.Release|Any CPU.Build.0 = Release
		{D0D2998D-26D2-4B24-9652-01F4AF997A2C}.Release|Mixed Platforms.ActiveCfg = Release
		{D0D2998D-26D2-4B24-9652-01F4AF997A2C}.Release|Mixed Platforms.Build.0 = Release
		{D0D2998D-26D2-4B24-9652-01F4AF997A2C}.Release|x86.ActiveCfg = Release
		{20E590DE-DDF6-46DA-9348-D06F8F238A25}.Debug|Any CPU.ActiveCfg = Debug|x86
		{20E590DE-DDF6-46DA-9348-D06F8F238A25}.Debug|Any CPU.Build.0 = Debug|x86
		{20E590DE-DDF6-46DA-9348-D06F8F238A25}.Debug|Mixed Platforms.ActiveCfg = Debug|x86
		{20E590DE-DDF6-46DA-9348-D06F8F238A25}.Debug|Mixed Platforms.Build.0 = Debug|x86
		{20E590DE-DDF6-46DA-9348-D06F8F238A25}.Debug|x86.ActiveCfg = Debug|x86
		{20E590DE-DDF6-46DA-9348-D06F8F238A25}.Debug|x86.Build.0 = Debug|x86
		{20E590DE-DDF6-46DA-9348-D06F8F238A25}.Mono Debug|Any CPU.ActiveCfg = Debug|x86
		{20E590DE-DDF6-46DA-9348-D06F8F238A25}.Mono Debug|Any CPU.Build.0 = Debug|x86
		{20E590DE-DDF6-46DA-9348-D06F8F238A25}.Mono Debug|Mixed Platforms.ActiveCfg = Debug|x86
		{20E590DE-DDF6-46DA-9348-D06F8F238A25}.Mono Debug|Mixed Platforms.Build.0 = Debug|x86
		{20E590DE-DDF6-46DA-9348-D06F8F238A25}.Mono Debug|x86.ActiveCfg = Debug|x86
		{20E590DE-DDF6-46DA-9348-D06F8F238A25}.Mono Debug|x86.Build.0 = Debug|x86
		{20E590DE-DDF6-46DA-9348-D06F8F238A25}.Mono Release|Any CPU.ActiveCfg = Release|x86
		{20E590DE-DDF6-46DA-9348-D06F8F238A25}.Mono Release|Any CPU.Build.0 = Release|x86
		{20E590DE-DDF6-46DA-9348-D06F8F238A25}.Mono Release|Mixed Platforms.ActiveCfg = Release|x86
		{20E590DE-DDF6-46DA-9348-D06F8F238A25}.Mono Release|Mixed Platforms.Build.0 = Release|x86
		{20E590DE-DDF6-46DA-9348-D06F8F238A25}.Mono Release|x86.ActiveCfg = Release|x86
		{20E590DE-DDF6-46DA-9348-D06F8F238A25}.Mono Release|x86.Build.0 = Release|x86
		{20E590DE-DDF6-46DA-9348-D06F8F238A25}.Release|Any CPU.ActiveCfg = Release|x86
		{20E590DE-DDF6-46DA-9348-D06F8F238A25}.Release|Any CPU.Build.0 = Release|x86
		{20E590DE-DDF6-46DA-9348-D06F8F238A25}.Release|Mixed Platforms.ActiveCfg = Release|x86
		{20E590DE-DDF6-46DA-9348-D06F8F238A25}.Release|Mixed Platforms.Build.0 = Release|x86
		{20E590DE-DDF6-46DA-9348-D06F8F238A25}.Release|x86.ActiveCfg = Release|x86
		{20E590DE-DDF6-46DA-9348-D06F8F238A25}.Release|x86.Build.0 = Release|x86
		{1F0208DB-F643-4698-B353-3A40DB441AC9}.Debug|Any CPU.ActiveCfg = Debug|Any CPU
		{1F0208DB-F643-4698-B353-3A40DB441AC9}.Debug|Any CPU.Build.0 = Debug|Any CPU
		{1F0208DB-F643-4698-B353-3A40DB441AC9}.Debug|Mixed Platforms.ActiveCfg = Debug|Any CPU
		{1F0208DB-F643-4698-B353-3A40DB441AC9}.Debug|Mixed Platforms.Build.0 = Debug|Any CPU
		{1F0208DB-F643-4698-B353-3A40DB441AC9}.Debug|x86.ActiveCfg = Debug|Any CPU
		{1F0208DB-F643-4698-B353-3A40DB441AC9}.Mono Debug|Any CPU.ActiveCfg = Debug|Any CPU
		{1F0208DB-F643-4698-B353-3A40DB441AC9}.Mono Debug|Any CPU.Build.0 = Debug|Any CPU
		{1F0208DB-F643-4698-B353-3A40DB441AC9}.Mono Debug|Mixed Platforms.ActiveCfg = Debug|Any CPU
		{1F0208DB-F643-4698-B353-3A40DB441AC9}.Mono Debug|Mixed Platforms.Build.0 = Debug|Any CPU
		{1F0208DB-F643-4698-B353-3A40DB441AC9}.Mono Debug|x86.ActiveCfg = Debug|Any CPU
		{1F0208DB-F643-4698-B353-3A40DB441AC9}.Mono Release|Any CPU.ActiveCfg = Release|Any CPU
		{1F0208DB-F643-4698-B353-3A40DB441AC9}.Mono Release|Any CPU.Build.0 = Release|Any CPU
		{1F0208DB-F643-4698-B353-3A40DB441AC9}.Mono Release|Mixed Platforms.ActiveCfg = Release|Any CPU
		{1F0208DB-F643-4698-B353-3A40DB441AC9}.Mono Release|Mixed Platforms.Build.0 = Release|Any CPU
		{1F0208DB-F643-4698-B353-3A40DB441AC9}.Mono Release|x86.ActiveCfg = Release|Any CPU
		{1F0208DB-F643-4698-B353-3A40DB441AC9}.Release|Any CPU.ActiveCfg = Release|Any CPU
		{1F0208DB-F643-4698-B353-3A40DB441AC9}.Release|Any CPU.Build.0 = Release|Any CPU
		{1F0208DB-F643-4698-B353-3A40DB441AC9}.Release|Mixed Platforms.ActiveCfg = Release|Any CPU
		{1F0208DB-F643-4698-B353-3A40DB441AC9}.Release|Mixed Platforms.Build.0 = Release|Any CPU
		{1F0208DB-F643-4698-B353-3A40DB441AC9}.Release|x86.ActiveCfg = Release|Any CPU
		{01AEDCB1-1178-480D-B319-624FA6ECD74F}.Debug|Any CPU.ActiveCfg = Debug|Any CPU
		{01AEDCB1-1178-480D-B319-624FA6ECD74F}.Debug|Any CPU.Build.0 = Debug|Any CPU
		{01AEDCB1-1178-480D-B319-624FA6ECD74F}.Debug|Mixed Platforms.ActiveCfg = Debug|Any CPU
		{01AEDCB1-1178-480D-B319-624FA6ECD74F}.Debug|Mixed Platforms.Build.0 = Debug|Any CPU
		{01AEDCB1-1178-480D-B319-624FA6ECD74F}.Debug|x86.ActiveCfg = Debug|Any CPU
		{01AEDCB1-1178-480D-B319-624FA6ECD74F}.Mono Debug|Any CPU.ActiveCfg = Debug|Any CPU
		{01AEDCB1-1178-480D-B319-624FA6ECD74F}.Mono Debug|Any CPU.Build.0 = Debug|Any CPU
		{01AEDCB1-1178-480D-B319-624FA6ECD74F}.Mono Debug|Mixed Platforms.ActiveCfg = Debug|Any CPU
		{01AEDCB1-1178-480D-B319-624FA6ECD74F}.Mono Debug|Mixed Platforms.Build.0 = Debug|Any CPU
		{01AEDCB1-1178-480D-B319-624FA6ECD74F}.Mono Debug|x86.ActiveCfg = Debug|Any CPU
		{01AEDCB1-1178-480D-B319-624FA6ECD74F}.Mono Release|Any CPU.ActiveCfg = Release|Any CPU
		{01AEDCB1-1178-480D-B319-624FA6ECD74F}.Mono Release|Any CPU.Build.0 = Release|Any CPU
		{01AEDCB1-1178-480D-B319-624FA6ECD74F}.Mono Release|Mixed Platforms.ActiveCfg = Release|Any CPU
		{01AEDCB1-1178-480D-B319-624FA6ECD74F}.Mono Release|Mixed Platforms.Build.0 = Release|Any CPU
		{01AEDCB1-1178-480D-B319-624FA6ECD74F}.Mono Release|x86.ActiveCfg = Release|Any CPU
		{01AEDCB1-1178-480D-B319-624FA6ECD74F}.Release|Any CPU.ActiveCfg = Release|Any CPU
		{01AEDCB1-1178-480D-B319-624FA6ECD74F}.Release|Any CPU.Build.0 = Release|Any CPU
		{01AEDCB1-1178-480D-B319-624FA6ECD74F}.Release|Mixed Platforms.ActiveCfg = Release|Any CPU
		{01AEDCB1-1178-480D-B319-624FA6ECD74F}.Release|Mixed Platforms.Build.0 = Release|Any CPU
		{01AEDCB1-1178-480D-B319-624FA6ECD74F}.Release|x86.ActiveCfg = Release|Any CPU
		{5C400E3C-2DC2-4771-8F2A-689A11953F1F}.Debug|Any CPU.ActiveCfg = Debug|x86
		{5C400E3C-2DC2-4771-8F2A-689A11953F1F}.Debug|Any CPU.Build.0 = Debug|x86
		{5C400E3C-2DC2-4771-8F2A-689A11953F1F}.Debug|Mixed Platforms.ActiveCfg = Debug|x86
		{5C400E3C-2DC2-4771-8F2A-689A11953F1F}.Debug|Mixed Platforms.Build.0 = Debug|x86
		{5C400E3C-2DC2-4771-8F2A-689A11953F1F}.Debug|x86.ActiveCfg = Debug|x86
		{5C400E3C-2DC2-4771-8F2A-689A11953F1F}.Debug|x86.Build.0 = Debug|x86
		{5C400E3C-2DC2-4771-8F2A-689A11953F1F}.Mono Debug|Any CPU.ActiveCfg = Debug|x86
		{5C400E3C-2DC2-4771-8F2A-689A11953F1F}.Mono Debug|Any CPU.Build.0 = Debug|x86
		{5C400E3C-2DC2-4771-8F2A-689A11953F1F}.Mono Debug|Mixed Platforms.ActiveCfg = Debug|x86
		{5C400E3C-2DC2-4771-8F2A-689A11953F1F}.Mono Debug|Mixed Platforms.Build.0 = Debug|x86
		{5C400E3C-2DC2-4771-8F2A-689A11953F1F}.Mono Debug|x86.ActiveCfg = Debug|x86
		{5C400E3C-2DC2-4771-8F2A-689A11953F1F}.Mono Debug|x86.Build.0 = Debug|x86
		{5C400E3C-2DC2-4771-8F2A-689A11953F1F}.Mono Release|Any CPU.ActiveCfg = Release|x86
		{5C400E3C-2DC2-4771-8F2A-689A11953F1F}.Mono Release|Any CPU.Build.0 = Release|x86
		{5C400E3C-2DC2-4771-8F2A-689A11953F1F}.Mono Release|Mixed Platforms.ActiveCfg = Release|x86
		{5C400E3C-2DC2-4771-8F2A-689A11953F1F}.Mono Release|Mixed Platforms.Build.0 = Release|x86
		{5C400E3C-2DC2-4771-8F2A-689A11953F1F}.Mono Release|x86.ActiveCfg = Release|x86
		{5C400E3C-2DC2-4771-8F2A-689A11953F1F}.Mono Release|x86.Build.0 = Release|x86
		{5C400E3C-2DC2-4771-8F2A-689A11953F1F}.Release|Any CPU.ActiveCfg = Release|x86
		{5C400E3C-2DC2-4771-8F2A-689A11953F1F}.Release|Any CPU.Build.0 = Release|x86
		{5C400E3C-2DC2-4771-8F2A-689A11953F1F}.Release|Mixed Platforms.ActiveCfg = Release|x86
		{5C400E3C-2DC2-4771-8F2A-689A11953F1F}.Release|Mixed Platforms.Build.0 = Release|x86
		{5C400E3C-2DC2-4771-8F2A-689A11953F1F}.Release|x86.ActiveCfg = Release|x86
		{5C400E3C-2DC2-4771-8F2A-689A11953F1F}.Release|x86.Build.0 = Release|x86
	EndGlobalSection
	GlobalSection(SolutionProperties) = preSolution
		HideSolutionNode = FALSE
	EndGlobalSection
	GlobalSection(NestedProjects) = preSolution
		{1F0208DB-F643-4698-B353-3A40DB441AC9} = {379DE09A-FC61-4336-A1D2-702EB546E2B2}
	EndGlobalSection
EndGlobal
